
Microsoft Visual Studio Solution File, Format Version 12.00
# Visual Studio Version 17
VisualStudioVersion = 17.11.35222.181
MinimumVisualStudioVersion = 10.0.40219.1
Project("{FAE04EC0-301F-11D3-BF4B-00C04F79EFBC}") = "H2 Gewicht op planeet", "H2 Gewicht op planeet\H2 Gewicht op planeet.csproj", "{7D7F612D-A427-48E2-A10B-F757D1EA08EF}"
EndProject
Global
	GlobalSection(SolutionConfigurationPlatforms) = preSolution
		Debug|Any CPU = Debug|Any CPU
		Release|Any CPU = Release|Any CPU
	EndGlobalSection
	GlobalSection(ProjectConfigurationPlatforms) = postSolution
		{7D7F612D-A427-48E2-A10B-F757D1EA08EF}.Debug|Any CPU.ActiveCfg = Debug|Any CPU
		{7D7F612D-A427-48E2-A10B-F757D1EA08EF}.Debug|Any CPU.Build.0 = Debug|Any CPU
		{7D7F612D-A427-48E2-A10B-F757D1EA08EF}.Release|Any CPU.ActiveCfg = Release|Any CPU
		{7D7F612D-A427-48E2-A10B-F757D1EA08EF}.Release|Any CPU.Build.0 = Release|Any CPU
	EndGlobalSection
	GlobalSection(SolutionProperties) = preSolution
		HideSolutionNode = FALSE
	EndGlobalSection
	GlobalSection(ExtensibilityGlobals) = postSolution
		SolutionGuid = {66A81D08-1101-441A-A51E-D6C7E0C5F835}
	EndGlobalSection
EndGlobal
